
Microsoft Visual Studio Solution File, Format Version 12.00
# Visual Studio Version 16
VisualStudioVersion = 16.0.31205.134
MinimumVisualStudioVersion = 10.0.40219.1
Project("{8BC9CEB8-8B4A-11D0-8D11-00A0C91BC942}") = "QtWidgetsApplicationtest", "QtWidgetsApplicationtest\QtWidgetsApplicationtest.vcxproj", "{2746B830-F35C-4F09-9FE9-5C215FA23129}"
EndProject
Global
	GlobalSection(SolutionConfigurationPlatforms) = preSolution
		Debug|x64 = Debug|x64
		Release|x64 = Release|x64
	EndGlobalSection
	GlobalSection(ProjectConfigurationPlatforms) = postSolution
		{2746B830-F35C-4F09-9FE9-5C215FA23129}.Debug|x64.ActiveCfg = Debug|x64
		{2746B830-F35C-4F09-9FE9-5C215FA23129}.Debug|x64.Build.0 = Debug|x64
		{2746B830-F35C-4F09-9FE9-5C215FA23129}.Release|x64.ActiveCfg = Release|x64
		{2746B830-F35C-4F09-9FE9-5C215FA23129}.Release|x64.Build.0 = Release|x64
	EndGlobalSection
	GlobalSection(SolutionProperties) = preSolution
		HideSolutionNode = FALSE
	EndGlobalSection
	GlobalSection(ExtensibilityGlobals) = postSolution
		SolutionGuid = {9D9F65FE-1529-4062-AAFD-F4CBB94D37A3}
	EndGlobalSection
EndGlobal
